
Microsoft Visual Studio Solution File, Format Version 12.00
# Visual Studio Version 17
VisualStudioVersion = 17.3.32929.385
MinimumVisualStudioVersion = 10.0.40219.1
Project("{FAE04EC0-301F-11D3-BF4B-00C04F79EFBC}") = "Eduard_Sergiu", "Eduard_Sergiu.csproj", "{8ECB5648-5233-45F7-B653-D50A7E567C80}"
EndProject
Global
	GlobalSection(SolutionConfigurationPlatforms) = preSolution
		Debug|Any CPU = Debug|Any CPU
		Release|Any CPU = Release|Any CPU
	EndGlobalSection
	GlobalSection(ProjectConfigurationPlatforms) = postSolution
		{8ECB5648-5233-45F7-B653-D50A7E567C80}.Debug|Any CPU.ActiveCfg = Debug|Any CPU
		{8ECB5648-5233-45F7-B653-D50A7E567C80}.Debug|Any CPU.Build.0 = Debug|Any CPU
		{8ECB5648-5233-45F7-B653-D50A7E567C80}.Release|Any CPU.ActiveCfg = Release|Any CPU
		{8ECB5648-5233-45F7-B653-D50A7E567C80}.Release|Any CPU.Build.0 = Release|Any CPU
	EndGlobalSection
	GlobalSection(SolutionProperties) = preSolution
		HideSolutionNode = FALSE
	EndGlobalSection
	GlobalSection(ExtensibilityGlobals) = postSolution
		SolutionGuid = {5EE44415-4D75-4448-AB78-E10C83C8E8A4}
	EndGlobalSection
EndGlobal
